{
  "_readme": [
    "This file locks the dependencies of your project to a known state",
    "Read more about it at https://getcomposer.org/doc/01-basic-usage.md#installing-dependencies",
    "This file is @generated automatically"
  ],
  "content-hash": "3a57bb68434bb3cf6d92e52c8e6580a5",
  "packages": [
    {
      "name": "wapmorgan/mp3info",
      "version": "0.1.1",
      "source": {
        "type": "git",
        "url": "https://github.com/wapmorgan/Mp3Info.git",
        "reference": "e532c2e1997874f9c672c7810ce90ef15004ef94"
      },
      "dist": {
        "type": "zip",
        "url": "https://api.github.com/repos/wapmorgan/Mp3Info/zipball/e532c2e1997874f9c672c7810ce90ef15004ef94",
        "reference": "e532c2e1997874f9c672c7810ce90ef15004ef94",
        "shasum": ""
      },
      "require": {
        "ext-mbstring": "*",
        "php": ">=5.4.0"
      },
      "bin": [
        "bin/mp3scan"
      ],
      "type": "library",
      "autoload": {
        "psr-4": {
          "wapmorgan\\Mp3Info\\": "src/"
        }
      },
      "notification-url": "https://packagist.org/downloads/",
      "license": [
        "LGPL-3.0"
      ],
      "description": "The fastest php library to extract mp3 tags & meta information.",
      "keywords": [
        "audio",
        "id3",
        "id3v1",
        "id3v2",
        "mp3",
        "mpeg"
      ],
      "support": {
        "issues": "https://github.com/wapmorgan/Mp3Info/issues",
        "source": "https://github.com/wapmorgan/Mp3Info/tree/0.1.1"
      },
      "time": "2025-04-01T20:51:11+00:00"
    }
  ],
  "packages-dev": [],
  "aliases": [],
  "minimum-stability": "stable",
  "stability-flags": {},
  "prefer-stable": false,
  "prefer-lowest": false,
  "platform": {},
  "platform-dev": {},
  "plugin-api-version": "2.6.0"
}
